Microsoft Visual Studio Solution File, Format Version 12.00
# Visual Studio Version 17
VisualStudioVersion = 17.13.35723.152
MinimumVisualStudioVersion = 10.0.40219.1
Project("{FAE04EC0-301F-11D3-BF4B-00C04F79EFBC}") = "BigMission.Shared", "BigMission.Shared\BigMission.Shared.csproj", "{95B9EA8D-F03A-D7DD-A104-30BFB9625471}"
EndProject
Project("{2150E333-8FDC-42A3-9474-1A3956D46DE8}") = "Solution Items", "Solution Items", "{02EA681E-C7D8-13C7-8484-4AC65E1B71E8}"
	ProjectSection(SolutionItems) = preProject
		.github\workflows\build.yml = .github\workflows\build.yml
		.github\workflows\publish-nuget.yml = .github\workflows\publish-nuget.yml
		README.md = README.md
	EndProjectSection
EndProject
Global
	GlobalSection(SolutionConfigurationPlatforms) = preSolution
		Debug|Any CPU = Debug|Any CPU
		Release|Any CPU = Release|Any CPU
	EndGlobalSection
	GlobalSection(ProjectConfigurationPlatforms) = postSolution
		{95B9EA8D-F03A-D7DD-A104-30BFB9625471}.Debug|Any CPU.ActiveCfg = Debug|Any CPU
		{95B9EA8D-F03A-D7DD-A104-30BFB9625471}.Debug|Any CPU.Build.0 = Debug|Any CPU
		{95B9EA8D-F03A-D7DD-A104-30BFB9625471}.Release|Any CPU.ActiveCfg = Release|Any CPU
		{95B9EA8D-F03A-D7DD-A104-30BFB9625471}.Release|Any CPU.Build.0 = Release|Any CPU
	EndGlobalSection
	GlobalSection(SolutionProperties) = preSolution
		HideSolutionNode = FALSE
	EndGlobalSection
	GlobalSection(ExtensibilityGlobals) = postSolution
		SolutionGuid = {47406E0D-24C9-4F46-A7A5-5731A4216608}
	EndGlobalSection
EndGlobal
